
Microsoft Visual Studio Solution File, Format Version 12.00
# Visual Studio Version 17
VisualStudioVersion = 17.3.32804.467
MinimumVisualStudioVersion = 10.0.40219.1
Project("{9A19103F-16F7-4668-BE54-9A1E7A4F7556}") = "Application", "src\Application\Application.csproj", "{90AE6167-DA96-44E4-A248-FDE64EDB473C}"
EndProject
Project("{2150E333-8FDC-42A3-9474-1A3956D46DE8}") = "Source", "Source", "{6AE7C037-6C84-45D4-A2A7-6A6F883FC772}"
EndProject
Project("{2150E333-8FDC-42A3-9474-1A3956D46DE8}") = "Core", "Core", "{628AEEB6-6498-4490-824C-C1B99DFE8111}"
EndProject
Project("{2150E333-8FDC-42A3-9474-1A3956D46DE8}") = "Infrastructure", "Infrastructure", "{63D6EEF9-F067-4FB1-A502-7E887AE3AB95}"
EndProject
Project("{2150E333-8FDC-42A3-9474-1A3956D46DE8}") = "Shared", "Shared", "{5F65FF10-2AF8-496D-982B-0332E5774F21}"
EndProject
Project("{2150E333-8FDC-42A3-9474-1A3956D46DE8}") = "Web", "Web", "{4CEC0DC4-56D3-4BD0-A3FD-5A692449E99E}"
EndProject
Project("{9A19103F-16F7-4668-BE54-9A1E7A4F7556}") = "Domain", "src\Domain\Domain.csproj", "{4FB8BC5E-F8F7-425F-8232-741445B76CDB}"
EndProject
Project("{9A19103F-16F7-4668-BE54-9A1E7A4F7556}") = "Infrastructure", "src\Infrastructure\Infrastructure.csproj", "{A552FDB4-2C58-443C-87FE-C3AAE481FFEE}"
EndProject
Project("{9A19103F-16F7-4668-BE54-9A1E7A4F7556}") = "Infrastructure.Shared", "src\Infrastructure.Shared\Infrastructure.Shared.csproj", "{8F23B986-B190-4512-97DB-7A012775F222}"
EndProject
Project("{9A19103F-16F7-4668-BE54-9A1E7A4F7556}") = "Shared", "src\Shared\Shared.csproj", "{93493A6C-B95A-45D5-AE11-6587CA082AF9}"
EndProject
Project("{2150E333-8FDC-42A3-9474-1A3956D46DE8}") = "Client", "Client", "{0A667EC6-0784-4F90-BCF6-108C4B3AD5A6}"
EndProject
Project("{2150E333-8FDC-42A3-9474-1A3956D46DE8}") = "Server", "Server", "{22215EA7-F4BA-43BA-B827-3C9A206CBD54}"
EndProject
Project("{9A19103F-16F7-4668-BE54-9A1E7A4F7556}") = "Client", "src\Client\Client.csproj", "{3A4BA23A-3157-49ED-80F3-6DB0AF4BB5B4}"
EndProject
Project("{9A19103F-16F7-4668-BE54-9A1E7A4F7556}") = "Client.Infrastructure", "src\Client.Infrastructure\Client.Infrastructure.csproj", "{2F5CE288-A568-48FB-853B-98806C7E100E}"
EndProject
Project("{9A19103F-16F7-4668-BE54-9A1E7A4F7556}") = "Server", "src\Server\Server.csproj", "{1AE0FE62-C9DA-418C-B73B-849425012627}"
EndProject
Global
	GlobalSection(SolutionConfigurationPlatforms) = preSolution
		Debug|Any CPU = Debug|Any CPU
		Release|Any CPU = Release|Any CPU
	EndGlobalSection
	GlobalSection(ProjectConfigurationPlatforms) = postSolution
		{90AE6167-DA96-44E4-A248-FDE64EDB473C}.Debug|Any CPU.ActiveCfg = Debug|Any CPU
		{90AE6167-DA96-44E4-A248-FDE64EDB473C}.Debug|Any CPU.Build.0 = Debug|Any CPU
		{90AE6167-DA96-44E4-A248-FDE64EDB473C}.Release|Any CPU.ActiveCfg = Release|Any CPU
		{90AE6167-DA96-44E4-A248-FDE64EDB473C}.Release|Any CPU.Build.0 = Release|Any CPU
		{4FB8BC5E-F8F7-425F-8232-741445B76CDB}.Debug|Any CPU.ActiveCfg = Debug|Any CPU
		{4FB8BC5E-F8F7-425F-8232-741445B76CDB}.Debug|Any CPU.Build.0 = Debug|Any CPU
		{4FB8BC5E-F8F7-425F-8232-741445B76CDB}.Release|Any CPU.ActiveCfg = Release|Any CPU
		{4FB8BC5E-F8F7-425F-8232-741445B76CDB}.Release|Any CPU.Build.0 = Release|Any CPU
		{A552FDB4-2C58-443C-87FE-C3AAE481FFEE}.Debug|Any CPU.ActiveCfg = Debug|Any CPU
		{A552FDB4-2C58-443C-87FE-C3AAE481FFEE}.Debug|Any CPU.Build.0 = Debug|Any CPU
		{A552FDB4-2C58-443C-87FE-C3AAE481FFEE}.Release|Any CPU.ActiveCfg = Release|Any CPU
		{A552FDB4-2C58-443C-87FE-C3AAE481FFEE}.Release|Any CPU.Build.0 = Release|Any CPU
		{8F23B986-B190-4512-97DB-7A012775F222}.Debug|Any CPU.ActiveCfg = Debug|Any CPU
		{8F23B986-B190-4512-97DB-7A012775F222}.Debug|Any CPU.Build.0 = Debug|Any CPU
		{8F23B986-B190-4512-97DB-7A012775F222}.Release|Any CPU.ActiveCfg = Release|Any CPU
		{8F23B986-B190-4512-97DB-7A012775F222}.Release|Any CPU.Build.0 = Release|Any CPU
		{93493A6C-B95A-45D5-AE11-6587CA082AF9}.Debug|Any CPU.ActiveCfg = Debug|Any CPU
		{93493A6C-B95A-45D5-AE11-6587CA082AF9}.Debug|Any CPU.Build.0 = Debug|Any CPU
		{93493A6C-B95A-45D5-AE11-6587CA082AF9}.Release|Any CPU.ActiveCfg = Release|Any CPU
		{93493A6C-B95A-45D5-AE11-6587CA082AF9}.Release|Any CPU.Build.0 = Release|Any CPU
		{3A4BA23A-3157-49ED-80F3-6DB0AF4BB5B4}.Debug|Any CPU.ActiveCfg = Debug|Any CPU
		{3A4BA23A-3157-49ED-80F3-6DB0AF4BB5B4}.Debug|Any CPU.Build.0 = Debug|Any CPU
		{3A4BA23A-3157-49ED-80F3-6DB0AF4BB5B4}.Release|Any CPU.ActiveCfg = Release|Any CPU
		{3A4BA23A-3157-49ED-80F3-6DB0AF4BB5B4}.Release|Any CPU.Build.0 = Release|Any CPU
		{2F5CE288-A568-48FB-853B-98806C7E100E}.Debug|Any CPU.ActiveCfg = Debug|Any CPU
		{2F5CE288-A568-48FB-853B-98806C7E100E}.Debug|Any CPU.Build.0 = Debug|Any CPU
		{2F5CE288-A568-48FB-853B-98806C7E100E}.Release|Any CPU.ActiveCfg = Release|Any CPU
		{2F5CE288-A568-48FB-853B-98806C7E100E}.Release|Any CPU.Build.0 = Release|Any CPU
		{1AE0FE62-C9DA-418C-B73B-849425012627}.Debug|Any CPU.ActiveCfg = Debug|Any CPU
		{1AE0FE62-C9DA-418C-B73B-849425012627}.Debug|Any CPU.Build.0 = Debug|Any CPU
		{1AE0FE62-C9DA-418C-B73B-849425012627}.Release|Any CPU.ActiveCfg = Release|Any CPU
		{1AE0FE62-C9DA-418C-B73B-849425012627}.Release|Any CPU.Build.0 = Release|Any CPU
	EndGlobalSection
	GlobalSection(SolutionProperties) = preSolution
		HideSolutionNode = FALSE
	EndGlobalSection
	GlobalSection(NestedProjects) = preSolution
		{90AE6167-DA96-44E4-A248-FDE64EDB473C} = {628AEEB6-6498-4490-824C-C1B99DFE8111}
		{628AEEB6-6498-4490-824C-C1B99DFE8111} = {6AE7C037-6C84-45D4-A2A7-6A6F883FC772}
		{63D6EEF9-F067-4FB1-A502-7E887AE3AB95} = {6AE7C037-6C84-45D4-A2A7-6A6F883FC772}
		{5F65FF10-2AF8-496D-982B-0332E5774F21} = {6AE7C037-6C84-45D4-A2A7-6A6F883FC772}
		{4CEC0DC4-56D3-4BD0-A3FD-5A692449E99E} = {6AE7C037-6C84-45D4-A2A7-6A6F883FC772}
		{4FB8BC5E-F8F7-425F-8232-741445B76CDB} = {628AEEB6-6498-4490-824C-C1B99DFE8111}
		{A552FDB4-2C58-443C-87FE-C3AAE481FFEE} = {63D6EEF9-F067-4FB1-A502-7E887AE3AB95}
		{8F23B986-B190-4512-97DB-7A012775F222} = {63D6EEF9-F067-4FB1-A502-7E887AE3AB95}
		{93493A6C-B95A-45D5-AE11-6587CA082AF9} = {5F65FF10-2AF8-496D-982B-0332E5774F21}
		{0A667EC6-0784-4F90-BCF6-108C4B3AD5A6} = {4CEC0DC4-56D3-4BD0-A3FD-5A692449E99E}
		{22215EA7-F4BA-43BA-B827-3C9A206CBD54} = {4CEC0DC4-56D3-4BD0-A3FD-5A692449E99E}
		{3A4BA23A-3157-49ED-80F3-6DB0AF4BB5B4} = {0A667EC6-0784-4F90-BCF6-108C4B3AD5A6}
		{2F5CE288-A568-48FB-853B-98806C7E100E} = {0A667EC6-0784-4F90-BCF6-108C4B3AD5A6}
		{1AE0FE62-C9DA-418C-B73B-849425012627} = {22215EA7-F4BA-43BA-B827-3C9A206CBD54}
	EndGlobalSection
	GlobalSection(ExtensibilityGlobals) = postSolution
		SolutionGuid = {733EAF5E-BF1B-41BB-8831-28F305BCDE70}
	EndGlobalSection
EndGlobal
